{
  "version": 4,
  "terraform_version": "1.8.2",
  "serial": 1,
  "lineage": "24d38543-1e63-b85a-ac8f-a75a7bb85b82",
  "outputs": {},
  "resources": [
    {
      "mode": "managed",
      "type": "local_file",
      "name": "dev_engg",
      "provider": "provider[\"registry.terraform.io/hashicorp/local\"]",
      "instances": [
        {
          "schema_version": 0,
          "attributes": {
            "content": "I want to become DevOps Engineer with Terraform",
            "content_base64": null,
            "content_base64sha256": "W/LUx0Xuu2Naa119Y9T+2J9qTWIHAfSfAGJL5Mxby/g=",
            "content_base64sha512": "x+zBPv0drg4nZCXsR+0yBcwsxTStlMHGehzhFmnO2kQisFSX1eL45f/BT5pfAfZ5rBPOSiMcQOpNlxOwsYtxFw==",
            "content_md5": "4592f74d64f00410fc6f4b35b8e5c288",
            "content_sha1": "fb8c2dff9079eea79cfdf6ae025301a383011920",
            "content_sha256": "5bf2d4c745eebb635a6b5d7d63d4fed89f6a4d620701f49f00624be4cc5bcbf8",
            "content_sha512": "c7ecc13efd1dae0e276425ec47ed3205cc2cc534ad94c1c67a1ce11669ceda4422b05497d5e2f8e5ffc14f9a5f01f679ac13ce4a231c40ea4d9713b0b18b7117",
            "directory_permission": "0777",
            "file_permission": "0777",
            "filename": "/home/aakash/Terraform-COurse/local/dev_terra.txt",
            "id": "fb8c2dff9079eea79cfdf6ae025301a383011920",
            "sensitive_content": null,
            "source": null
          },
          "sensitive_attributes": [
            [
              {
                "type": "get_attr",
                "value": "sensitive_content"
              }
            ]
          ]
        }
      ]
    }
  ],
  "check_results": null
}
