{
  "version": 4,
  "terraform_version": "1.8.2",
  "serial": 5,
  "lineage": "0d1d66b0-e4dc-783c-bcd2-5dbff38e7299",
  "outputs": {
    "devops_op_train": {
      "value": "\"Aakash Gadling\"",
      "type": "string"
    }
  },
  "resources": [
    {
      "mode": "managed",
      "type": "local_file",
      "name": "devops",
      "provider": "provider[\"registry.terraform.io/hashicorp/local\"]",
      "instances": [
        {
          "schema_version": 0,
          "attributes": {
            "content": "This is default file",
            "content_base64": null,
            "content_base64sha256": "ruYyI3KgaBwCqlQYtuUfSd/enZVFr+mesT0Blcg+enY=",
            "content_base64sha512": "qbVG/7PJpke3xEwhGJmtuZricosL+K3/l2QGZRjzzh7+ToDxwd7gdZytDwWCMpmRMnEtdMFnuix/N6aMBl/HRQ==",
            "content_md5": "86d70735ae8e6ce4b00838fb4d5fe875",
            "content_sha1": "7b196337a9393f22ff52c103b7505ed9452fd0af",
            "content_sha256": "aee6322372a0681c02aa5418b6e51f49dfde9d9545afe99eb13d0195c83e7a76",
            "content_sha512": "a9b546ffb3c9a647b7c44c211899adb99ae2728b0bf8adff9764066518f3ce1efe4e80f1c1dee0759cad0f058232999132712d74c167ba2c7f37a68c065fc745",
            "directory_permission": "0777",
            "file_permission": "0777",
            "filename": "/home/aakash/TERRAFORM_COURSE/Terraform-COurse/Terraform_var/test.txt",
            "id": "7b196337a9393f22ff52c103b7505ed9452fd0af",
            "sensitive_content": null,
            "source": null
          },
          "sensitive_attributes": [
            [
              {
                "type": "get_attr",
                "value": "sensitive_content"
              }
            ]
          ]
        }
      ]
    },
    {
      "mode": "managed",
      "type": "local_file",
      "name": "devops-auto",
      "provider": "provider[\"registry.terraform.io/hashicorp/local\"]",
      "instances": [
        {
          "schema_version": 0,
          "attributes": {
            "content": "This is auto generated file contents",
            "content_base64": null,
            "content_base64sha256": "VdSqi8x0/hs92GUlAXdN4eG/0QkleBHdQscO0nhgR20=",
            "content_base64sha512": "1C7t2dGCwFe8a7vaX2jECMGk9J/cIgrriihq9mtzg56ddr7BbZ2ugVyPRyYlyw0F4iKGubFJWSl8hkpnk8U8BA==",
            "content_md5": "75a46881e8c16e511b7e18db3b9011a2",
            "content_sha1": "e859de7d18d7b9c5db77c851573d2c4364e91d02",
            "content_sha256": "55d4aa8bcc74fe1b3dd8652501774de1e1bfd109257811dd42c70ed27860476d",
            "content_sha512": "d42eedd9d182c057bc6bbbda5f68c408c1a4f49fdc220aeb8a286af66b73839e9d76bec16d9dae815c8f472625cb0d05e22286b9b14959297c864a6793c53c04",
            "directory_permission": "0777",
            "file_permission": "0777",
            "filename": "/home/aakash/TERRAFORM_COURSE/Terraform-COurse/Terraform_var/auto-tf.txt",
            "id": "e859de7d18d7b9c5db77c851573d2c4364e91d02",
            "sensitive_content": null,
            "source": null
          },
          "sensitive_attributes": [
            [
              {
                "type": "get_attr",
                "value": "sensitive_content"
              }
            ]
          ]
        }
      ]
    }
  ],
  "check_results": null
}
